
Microsoft Visual Studio Solution File, Format Version 12.00
# Visual Studio Version 16
VisualStudioVersion = 16.0.28803.202
MinimumVisualStudioVersion = 10.0.40219.1
Project("{8BC9CEB8-8B4A-11D0-8D11-00A0C91BC942}") = "ProjektGrafikaKomputerowa", "ProjektGrafikaKomputerowa.vcxproj", "{398645F7-D4DE-4976-A965-CBD2932C58A6}"
EndProject
Global
	GlobalSection(SolutionConfigurationPlatforms) = preSolution
		Debug|x64 = Debug|x64
		Debug|x86 = Debug|x86
		Release|x64 = Release|x64
		Release|x86 = Release|x86
	EndGlobalSection
	GlobalSection(ProjectConfigurationPlatforms) = postSolution
		{398645F7-D4DE-4976-A965-CBD2932C58A6}.Debug|x64.ActiveCfg = Debug|x64
		{398645F7-D4DE-4976-A965-CBD2932C58A6}.Debug|x64.Build.0 = Debug|x64
		{398645F7-D4DE-4976-A965-CBD2932C58A6}.Debug|x86.ActiveCfg = Debug|Win32
		{398645F7-D4DE-4976-A965-CBD2932C58A6}.Debug|x86.Build.0 = Debug|Win32
		{398645F7-D4DE-4976-A965-CBD2932C58A6}.Release|x64.ActiveCfg = Release|x64
		{398645F7-D4DE-4976-A965-CBD2932C58A6}.Release|x64.Build.0 = Release|x64
		{398645F7-D4DE-4976-A965-CBD2932C58A6}.Release|x86.ActiveCfg = Release|Win32
		{398645F7-D4DE-4976-A965-CBD2932C58A6}.Release|x86.Build.0 = Release|Win32
	EndGlobalSection
	GlobalSection(SolutionProperties) = preSolution
		HideSolutionNode = FALSE
	EndGlobalSection
	GlobalSection(ExtensibilityGlobals) = postSolution
		SolutionGuid = {5E6E9F87-55F7-4E89-9997-8241F190CEB0}
	EndGlobalSection
EndGlobal
